PODS:
  - SnapKit (5.0.1)
  - VK-ios-sdk (1.6.2)

DEPENDENCIES:
  - SnapKit
  - VK-ios-sdk (~> 1.6.2)

SPEC REPOS:
  trunk:
    - SnapKit
    - VK-ios-sdk

SPEC CHECKSUMS:
  SnapKit: 97b92857e3df3a0c71833cce143274bf6ef8e5eb
  VK-ios-sdk: 5bcf00a2014a7323f98db9328b603d4f96635caa

PODFILE CHECKSUM: bf760429186a63450bf624a13c86501e4271dd67

COCOAPODS: 1.11.3
